
Microsoft Visual Studio Solution File, Format Version 12.00
# Visual Studio Version 17
VisualStudioVersion = 17.0.31903.59
MinimumVisualStudioVersion = 10.0.40219.1
Project("{FAE04EC0-301F-11D3-BF4B-00C04F79EFBC}") = "Fin.Core", "Fin.Core\Fin.Core.csproj", "{3B0E4ECA-7D72-4E56-A727-F57F6140B805}"
EndProject
Project("{FAE04EC0-301F-11D3-BF4B-00C04F79EFBC}") = "Fin.Api", "Fin.Api\Fin.Api.csproj", "{52AF2F9D-11B5-44FC-80B6-6012AB7DE95A}"
EndProject
Global
	GlobalSection(SolutionConfigurationPlatforms) = preSolution
		Debug|Any CPU = Debug|Any CPU
		Release|Any CPU = Release|Any CPU
	EndGlobalSection
	GlobalSection(SolutionProperties) = preSolution
		HideSolutionNode = FALSE
	EndGlobalSection
	GlobalSection(ProjectConfigurationPlatforms) = postSolution
		{3B0E4ECA-7D72-4E56-A727-F57F6140B805}.Debug|Any CPU.ActiveCfg = Debug|Any CPU
		{3B0E4ECA-7D72-4E56-A727-F57F6140B805}.Debug|Any CPU.Build.0 = Debug|Any CPU
		{3B0E4ECA-7D72-4E56-A727-F57F6140B805}.Release|Any CPU.ActiveCfg = Release|Any CPU
		{3B0E4ECA-7D72-4E56-A727-F57F6140B805}.Release|Any CPU.Build.0 = Release|Any CPU
		{52AF2F9D-11B5-44FC-80B6-6012AB7DE95A}.Debug|Any CPU.ActiveCfg = Debug|Any CPU
		{52AF2F9D-11B5-44FC-80B6-6012AB7DE95A}.Debug|Any CPU.Build.0 = Debug|Any CPU
		{52AF2F9D-11B5-44FC-80B6-6012AB7DE95A}.Release|Any CPU.ActiveCfg = Release|Any CPU
		{52AF2F9D-11B5-44FC-80B6-6012AB7DE95A}.Release|Any CPU.Build.0 = Release|Any CPU
		{0B4E00E0-C050-4E91-BD68-16EC2A088261}.Debug|Any CPU.ActiveCfg = Debug|Any CPU
		{0B4E00E0-C050-4E91-BD68-16EC2A088261}.Debug|Any CPU.Build.0 = Debug|Any CPU
		{0B4E00E0-C050-4E91-BD68-16EC2A088261}.Release|Any CPU.ActiveCfg = Release|Any CPU
		{0B4E00E0-C050-4E91-BD68-16EC2A088261}.Release|Any CPU.Build.0 = Release|Any CPU
	EndGlobalSection
EndGlobal
